// !$*UTF8*$!
{
	archiveVersion = 1;
	classes = {
	};
	objectVersion = 46;
	objects = {

/* Begin PBXBuildFile section */
		5CB0F71A1BA7B5A600A5B99B /* AppDelegate.swift in Sources */ = {isa = PBXBuildFile; fileRef = 5CB0F7191BA7B5A600A5B99B /* AppDelegate.swift */; };
		5CB0F71C1BA7B5A600A5B99B /* ViewController.swift in Sources */ = {isa = PBXBuildFile; fileRef = 5CB0F71B1BA7B5A600A5B99B /* ViewController.swift */; };
		5CB0F71F1BA7B5A600A5B99B /* Main.storyboard in Resources */ = {isa = PBXBuildFile; fileRef = 5CB0F71D1BA7B5A600A5B99B /* Main.storyboard */; };
		5CB0F7211BA7B5A600A5B99B /* Assets.xcassets in Resources */ = {isa = PBXBuildFile; fileRef = 5CB0F7201BA7B5A600A5B99B /* Assets.xcassets */; };
		5CB0F7241BA7B5A600A5B99B /* LaunchScreen.storyboard in Resources */ = {isa = PBXBuildFile; fileRef = 5CB0F7221BA7B5A600A5B99B /* LaunchScreen.storyboard */; };
		5CB0F72F1BA7B5A600A5B99B /* tip6Tests.swift in Sources */ = {isa = PBXBuildFile; fileRef = 5CB0F72E1BA7B5A600A5B99B /* tip6Tests.swift */; };
		5CB0F73A1BA7B5A600A5B99B /* tip6UITests.swift in Sources */ = {isa = PBXBuildFile; fileRef = 5CB0F7391BA7B5A600A5B99B /* tip6UITests.swift */; };
/* End PBXBuildFile section */

/* Begin PBXContainerItemProxy section */
		5CB0F72B1BA7B5A600A5B99B /* PBXContainerItemProxy */ = {
			isa = PBXContainerItemProxy;
			containerPortal = 5CB0F70E1BA7B5A600A5B99B /* Project object */;
			proxyType = 1;
			remoteGlobalIDString = 5CB0F7151BA7B5A600A5B99B;
			remoteInfo = tip6;
		};
		5CB0F7361BA7B5A600A5B99B /* PBXContainerItemProxy */ = {
			isa = PBXContainerItemProxy;
			containerPortal = 5CB0F70E1BA7B5A600A5B99B /* Project object */;
			proxyType = 1;
			remoteGlobalIDString = 5CB0F7151BA7B5A600A5B99B;
			remoteInfo = tip6;
		};
/* End PBXContainerItemProxy section */

/* Begin PBXFileReference section */
		5CB0F7161BA7B5A600A5B99B /* tip6.app */ = {isa = PBXFileReference; explicitFileType = wrapper.application; includeInIndex = 0; path = tip6.app; sourceTree = BUILT_PRODUCTS_DIR; };
		5CB0F7191BA7B5A600A5B99B /* AppDelegate.swift */ = {isa = PBXFileReference; lastKnownFileType = sourcecode.swift; path = AppDelegate.swift; sourceTree = "<group>"; };
		5CB0F71B1BA7B5A600A5B99B /* ViewController.swift */ = {isa = PBXFileReference; lastKnownFileType = sourcecode.swift; path = ViewController.swift; sourceTree = "<group>"; };
		5CB0F71E1BA7B5A600A5B99B /* Base */ = {isa = PBXFileReference; lastKnownFileType = file.storyboard; name = Base; path = Base.lproj/Main.storyboard; sourceTree = "<group>"; };
		5CB0F7201BA7B5A600A5B99B /* Assets.xcassets */ = {isa = PBXFileReference; lastKnownFileType = folder.assetcatalog; path = Assets.xcassets; sourceTree = "<group>"; };
		5CB0F7231BA7B5A600A5B99B /* Base */ = {isa = PBXFileReference; lastKnownFileType = file.storyboard; name = Base; path = Base.lproj/LaunchScreen.storyboard; sourceTree = "<group>"; };
		5CB0F7251BA7B5A600A5B99B /* Info.plist */ = {isa = PBXFileReference; lastKnownFileType = text.plist.xml; path = Info.plist; sourceTree = "<group>"; };
		5CB0F72A1BA7B5A600A5B99B /* tip6Tests.xctest */ = {isa = PBXFileReference; explicitFileType = wrapper.cfbundle; includeInIndex = 0; path = tip6Tests.xctest; sourceTree = BUILT_PRODUCTS_DIR; };
		5CB0F72E1BA7B5A600A5B99B /* tip6Tests.swift */ = {isa = PBXFileReference; lastKnownFileType = sourcecode.swift; path = tip6Tests.swift; sourceTree = "<group>"; };
		5CB0F7301BA7B5A600A5B99B /* Info.plist */ = {isa = PBXFileReference; lastKnownFileType = text.plist.xml; path = Info.plist; sourceTree = "<group>"; };
		5CB0F7351BA7B5A600A5B99B /* tip6UITests.xctest */ = {isa = PBXFileReference; explicitFileType = wrapper.cfbundle; includeInIndex = 0; path = tip6UITests.xctest; sourceTree = BUILT_PRODUCTS_DIR; };
		5CB0F7391BA7B5A600A5B99B /* tip6UITests.swift */ = {isa = PBXFileReference; lastKnownFileType = sourcecode.swift; path = tip6UITests.swift; sourceTree = "<group>"; };
		5CB0F73B1BA7B5A600A5B99B /* Info.plist */ = {isa = PBXFileReference; lastKnownFileType = text.plist.xml; path = Info.plist; sourceTree = "<group>"; };
/* End PBXFileReference section */

/* Begin PBXFrameworksBuildPhase section */
		5CB0F7131BA7B5A600A5B99B /* Frameworks */ = {
			isa = PBXFrameworksBuildPhase;
			buildActionMask = 2147483647;
			files = (
			);
			runOnlyForDeploymentPostprocessing = 0;
		};
		5CB0F7271BA7B5A600A5B99B /* Frameworks */ = {
			isa = PBXFrameworksBuildPhase;
			buildActionMask = 2147483647;
			files = (
			);
			runOnlyForDeploymentPostprocessing = 0;
		};
		5CB0F7321BA7B5A600A5B99B /* Frameworks */ = {
			isa = PBXFrameworksBuildPhase;
			buildActionMask = 2147483647;
			files = (
			);
			runOnlyForDeploymentPostprocessing = 0;
		};
/* End PBXFrameworksBuildPhase section */

/* Begin PBXGroup section */
		5CB0F70D1BA7B5A600A5B99B = {
			isa = PBXGroup;
			children = (
				5CB0F7181BA7B5A600A5B99B /* tip6 */,
				5CB0F72D1BA7B5A600A5B99B /* tip6Tests */,
				5CB0F7381BA7B5A600A5B99B /* tip6UITests */,
				5CB0F7171BA7B5A600A5B99B /* Products */,
			);
			sourceTree = "<group>";
		};
		5CB0F7171BA7B5A600A5B99B /* Products */ = {
			isa = PBXGroup;
			children = (
				5CB0F7161BA7B5A600A5B99B /* tip6.app */,
				5CB0F72A1BA7B5A600A5B99B /* tip6Tests.xctest */,
				5CB0F7351BA7B5A600A5B99B /* tip6UITests.xctest */,
			);
			name = Products;
			sourceTree = "<group>";
		};
		5CB0F7181BA7B5A600A5B99B /* tip6 */ = {
			isa = PBXGroup;
			children = (
				5CB0F7191BA7B5A600A5B99B /* AppDelegate.swift */,
				5CB0F71B1BA7B5A600A5B99B /* ViewController.swift */,
				5CB0F71D1BA7B5A600A5B99B /* Main.storyboard */,
				5CB0F7201BA7B5A600A5B99B /* Assets.xcassets */,
				5CB0F7221BA7B5A600A5B99B /* LaunchScreen.storyboard */,
				5CB0F7251BA7B5A600A5B99B /* Info.plist */,
			);
			path = tip6;
			sourceTree = "<group>";
		};
		5CB0F72D1BA7B5A600A5B99B /* tip6Tests */ = {
			isa = PBXGroup;
			children = (
				5CB0F72E1BA7B5A600A5B99B /* tip6Tests.swift */,
				5CB0F7301BA7B5A600A5B99B /* Info.plist */,
			);
			path = tip6Tests;
			sourceTree = "<group>";
		};
		5CB0F7381BA7B5A600A5B99B /* tip6UITests */ = {
			isa = PBXGroup;
			children = (
				5CB0F7391BA7B5A600A5B99B /* tip6UITests.swift */,
				5CB0F73B1BA7B5A600A5B99B /* Info.plist */,
			);
			path = tip6UITests;
			sourceTree = "<group>";
		};
/* End PBXGroup section */

/* Begin PBXNativeTarget section */
		5CB0F7151BA7B5A600A5B99B /* tip6 */ = {
			isa = PBXNativeTarget;
			buildConfigurationList = 5CB0F73E1BA7B5A600A5B99B /* Build configuration list for PBXNativeTarget "tip6" */;
			buildPhases = (
				5CB0F7121BA7B5A600A5B99B /* Sources */,
				5CB0F7131BA7B5A600A5B99B /* Frameworks */,
				5CB0F7141BA7B5A600A5B99B /* Resources */,
			);
			buildRules = (
			);
			dependencies = (
			);
			name = tip6;
			productName = tip6;
			productReference = 5CB0F7161BA7B5A600A5B99B /* tip6.app */;
			productType = "com.apple.product-type.application";
		};
		5CB0F7291BA7B5A600A5B99B /* tip6Tests */ = {
			isa = PBXNativeTarget;
			buildConfigurationList = 5CB0F7411BA7B5A600A5B99B /* Build configuration list for PBXNativeTarget "tip6Tests" */;
			buildPhases = (
				5CB0F7261BA7B5A600A5B99B /* Sources */,
				5CB0F7271BA7B5A600A5B99B /* Frameworks */,
				5CB0F7281BA7B5A600A5B99B /* Resources */,
			);
			buildRules = (
			);
			dependencies = (
				5CB0F72C1BA7B5A600A5B99B /* PBXTargetDependency */,
			);
			name = tip6Tests;
			productName = tip6Tests;
			productReference = 5CB0F72A1BA7B5A600A5B99B /* tip6Tests.xctest */;
			productType = "com.apple.product-type.bundle.unit-test";
		};
		5CB0F7341BA7B5A600A5B99B /* tip6UITests */ = {
			isa = PBXNativeTarget;
			buildConfigurationList = 5CB0F7441BA7B5A600A5B99B /* Build configuration list for PBXNativeTarget "tip6UITests" */;
			buildPhases = (
				5CB0F7311BA7B5A600A5B99B /* Sources */,
				5CB0F7321BA7B5A600A5B99B /* Frameworks */,
				5CB0F7331BA7B5A600A5B99B /* Resources */,
			);
			buildRules = (
			);
			dependencies = (
				5CB0F7371BA7B5A600A5B99B /* PBXTargetDependency */,
			);
			name = tip6UITests;
			productName = tip6UITests;
			productReference = 5CB0F7351BA7B5A600A5B99B /* tip6UITests.xctest */;
			productType = "com.apple.product-type.bundle.ui-testing";
		};
/* End PBXNativeTarget section */

/* Begin PBXProject section */
		5CB0F70E1BA7B5A600A5B99B /* Project object */ = {
			isa = PBXProject;
			attributes = {
				LastUpgradeCheck = 0700;
				ORGANIZATIONNAME = "Kevin O'Connell";
				TargetAttributes = {
					5CB0F7151BA7B5A600A5B99B = {
						CreatedOnToolsVersion = 7.0;
						DevelopmentTeam = 6AFE498RQF;
					};
					5CB0F7291BA7B5A600A5B99B = {
						CreatedOnToolsVersion = 7.0;
						DevelopmentTeam = 6AFE498RQF;
						TestTargetID = 5CB0F7151BA7B5A600A5B99B;
					};
					5CB0F7341BA7B5A600A5B99B = {
						CreatedOnToolsVersion = 7.0;
						DevelopmentTeam = 6AFE498RQF;
						TestTargetID = 5CB0F7151BA7B5A600A5B99B;
					};
				};
			};
			buildConfigurationList = 5CB0F7111BA7B5A600A5B99B /* Build configuration list for PBXProject "tip6" */;
			compatibilityVersion = "Xcode 3.2";
			developmentRegion = English;
			hasScannedForEncodings = 0;
			knownRegions = (
				en,
				Base,
			);
			mainGroup = 5CB0F70D1BA7B5A600A5B99B;
			productRefGroup = 5CB0F7171BA7B5A600A5B99B /* Products */;
			projectDirPath = "";
			projectRoot = "";
			targets = (
				5CB0F7151BA7B5A600A5B99B /* tip6 */,
				5CB0F7291BA7B5A600A5B99B /* tip6Tests */,
				5CB0F7341BA7B5A600A5B99B /* tip6UITests */,
			);
		};
/* End PBXProject section */

/* Begin PBXResourcesBuildPhase section */
		5CB0F7141BA7B5A600A5B99B /* Resources */ = {
			isa = PBXResourcesBuildPhase;
			buildActionMask = 2147483647;
			files = (
				5CB0F7241BA7B5A600A5B99B /* LaunchScreen.storyboard in Resources */,
				5CB0F7211BA7B5A600A5B99B /* Assets.xcassets in Resources */,
				5CB0F71F1BA7B5A600A5B99B /* Main.storyboard in Resources */,
			);
			runOnlyForDeploymentPostprocessing = 0;
		};
		5CB0F7281BA7B5A600A5B99B /* Resources */ = {
			isa = PBXResourcesBuildPhase;
			buildActionMask = 2147483647;
			files = (
			);
			runOnlyForDeploymentPostprocessing = 0;
		};
		5CB0F7331BA7B5A600A5B99B /* Resources */ = {
			isa = PBXResourcesBuildPhase;
			buildActionMask = 2147483647;
			files = (
			);
			runOnlyForDeploymentPostprocessing = 0;
		};
/* End PBXResourcesBuildPhase section */

/* Begin PBXSourcesBuildPhase section */
		5CB0F7121BA7B5A600A5B99B /* Sources */ = {
			isa = PBXSourcesBuildPhase;
			buildActionMask = 2147483647;
			files = (
				5CB0F71C1BA7B5A600A5B99B /* ViewController.swift in Sources */,
				5CB0F71A1BA7B5A600A5B99B /* AppDelegate.swift in Sources */,
			);
			runOnlyForDeploymentPostprocessing = 0;
		};
		5CB0F7261BA7B5A600A5B99B /* Sources */ = {
			isa = PBXSourcesBuildPhase;
			buildActionMask = 2147483647;
			files = (
				5CB0F72F1BA7B5A600A5B99B /* tip6Tests.swift in Sources */,
			);
			runOnlyForDeploymentPostprocessing = 0;
		};
		5CB0F7311BA7B5A600A5B99B /* Sources */ = {
			isa = PBXSourcesBuildPhase;
			buildActionMask = 2147483647;
			files = (
				5CB0F73A1BA7B5A600A5B99B /* tip6UITests.swift in Sources */,
			);
			runOnlyForDeploymentPostprocessing = 0;
		};
/* End PBXSourcesBuildPhase section */

/* Begin PBXTargetDependency section */
		5CB0F72C1BA7B5A600A5B99B /* PBXTargetDependency */ = {
			isa = PBXTargetDependency;
			target = 5CB0F7151BA7B5A600A5B99B /* tip6 */;
			targetProxy = 5CB0F72B1BA7B5A600A5B99B /* PBXContainerItemProxy */;
		};
		5CB0F7371BA7B5A600A5B99B /* PBXTargetDependency */ = {
			isa = PBXTargetDependency;
			target = 5CB0F7151BA7B5A600A5B99B /* tip6 */;
			targetProxy = 5CB0F7361BA7B5A600A5B99B /* PBXContainerItemProxy */;
		};
/* End PBXTargetDependency section */

/* Begin PBXVariantGroup section */
		5CB0F71D1BA7B5A600A5B99B /* Main.storyboard */ = {
			isa = PBXVariantGroup;
			children = (
				5CB0F71E1BA7B5A600A5B99B /* Base */,
			);
			name = Main.storyboard;
			sourceTree = "<group>";
		};
		5CB0F7221BA7B5A600A5B99B /* LaunchScreen.storyboard */ = {
			isa = PBXVariantGroup;
			children = (
				5CB0F7231BA7B5A600A5B99B /* Base */,
			);
			name = LaunchScreen.storyboard;
			sourceTree = "<group>";
		};
/* End PBXVariantGroup section */

/* Begin XCBuildConfiguration section */
		5CB0F73C1BA7B5A600A5B99B /* Debug */ = {
			isa = XCBuildConfiguration;
			buildSettings = {
				ALWAYS_SEARCH_USER_PATHS = NO;
				CLANG_CXX_LANGUAGE_STANDARD = "gnu++0x";
				CLANG_CXX_LIBRARY = "libc++";
				CLANG_ENABLE_MODULES = YES;
				CLANG_ENABLE_OBJC_ARC = YES;
				CLANG_WARN_BOOL_CONVERSION = YES;
				CLANG_WARN_CONSTANT_CONVERSION = YES;
				CLANG_WARN_DIRECT_OBJC_ISA_USAGE = YES_ERROR;
				CLANG_WARN_EMPTY_BODY = YES;
				CLANG_WARN_ENUM_CONVERSION = YES;
				CLANG_WARN_INT_CONVERSION = YES;
				CLANG_WARN_OBJC_ROOT_CLASS = YES_ERROR;
				CLANG_WARN_UNREACHABLE_CODE = YES;
				CLANG_WARN__DUPLICATE_METHOD_MATCH = YES;
				"CODE_SIGN_IDENTITY[sdk=iphoneos*]" = "iPhone Developer";
				COPY_PHASE_STRIP = NO;
				DEBUG_INFORMATION_FORMAT = dwarf;
				ENABLE_STRICT_OBJC_MSGSEND = YES;
				ENABLE_TESTABILITY = YES;
				GCC_C_LANGUAGE_STANDARD = gnu99;
				GCC_DYNAMIC_NO_PIC = NO;
				GCC_NO_COMMON_BLOCKS = YES;
				GCC_OPTIMIZATION_LEVEL = 0;
				GCC_PREPROCESSOR_DEFINITIONS = (
					"DEBUG=1",
					"$(inherited)",
				);
				GCC_WARN_64_TO_32_BIT_CONVERSION = YES;
				GCC_WARN_ABOUT_RETURN_TYPE = YES_ERROR;
				GCC_WARN_UNDECLARED_SELECTOR = YES;
				GCC_WARN_UNINITIALIZED_AUTOS = YES_AGGRESSIVE;
				GCC_WARN_UNUSED_FUNCTION = YES;
				GCC_WARN_UNUSED_VARIABLE = YES;
				IPHONEOS_DEPLOYMENT_TARGET = 9.0;
				MTL_ENABLE_DEBUG_INFO = YES;
				ONLY_ACTIVE_ARCH = YES;
				SDKROOT = iphoneos;
				SWIFT_OPTIMIZATION_LEVEL = "-Onone";
			};
			name = Debug;
		};
		5CB0F73D1BA7B5A600A5B99B /* Release */ = {
			isa = XCBuildConfiguration;
			buildSettings = {
				ALWAYS_SEARCH_USER_PATHS = NO;
				CLANG_CXX_LANGUAGE_STANDARD = "gnu++0x";
				CLANG_CXX_LIBRARY = "libc++";
				CLANG_ENABLE_MODULES = YES;
				CLANG_ENABLE_OBJC_ARC = YES;
				CLANG_WARN_BOOL_CONVERSION = YES;
				CLANG_WARN_CONSTANT_CONVERSION = YES;
				CLANG_WARN_DIRECT_OBJC_ISA_USAGE = YES_ERROR;
				CLANG_WARN_EMPTY_BODY = YES;
				CLANG_WARN_ENUM_CONVERSION = YES;
				CLANG_WARN_INT_CONVERSION = YES;
				CLANG_WARN_OBJC_ROOT_CLASS = YES_ERROR;
				CLANG_WARN_UNREACHABLE_CODE = YES;
				CLANG_WARN__DUPLICATE_METHOD_MATCH = YES;
				"CODE_SIGN_IDENTITY[sdk=iphoneos*]" = "iPhone Developer";
				COPY_PHASE_STRIP = NO;
				DEBUG_INFORMATION_FORMAT = "dwarf-with-dsym";
				ENABLE_NS_ASSERTIONS = NO;
				ENABLE_STRICT_OBJC_MSGSEND = YES;
				GCC_C_LANGUAGE_STANDARD = gnu99;
				GCC_NO_COMMON_BLOCKS = YES;
				GCC_WARN_64_TO_32_BIT_CONVERSION = YES;
				GCC_WARN_ABOUT_RETURN_TYPE = YES_ERROR;
				GCC_WARN_UNDECLARED_SELECTOR = YES;
				GCC_WARN_UNINITIALIZED_AUTOS = YES_AGGRESSIVE;
				GCC_WARN_UNUSED_FUNCTION = YES;
				GCC_WARN_UNUSED_VARIABLE = YES;
				IPHONEOS_DEPLOYMENT_TARGET = 9.0;
				MTL_ENABLE_DEBUG_INFO = NO;
				SDKROOT = iphoneos;
				VALIDATE_PRODUCT = YES;
			};
			name = Release;
		};
		5CB0F73F1BA7B5A600A5B99B /* Debug */ = {
			isa = XCBuildConfiguration;
			buildSettings = {
				ASSETCATALOG_COMPILER_APPICON_NAME = AppIcon;
				INFOPLIST_FILE = tip6/Info.plist;
				LD_RUNPATH_SEARCH_PATHS = "$(inherited) @executable_path/Frameworks";
				PRODUCT_BUNDLE_IDENTIFIER = Climate.tip6;
				PRODUCT_NAME = "$(TARGET_NAME)";
			};
			name = Debug;
		};
		5CB0F7401BA7B5A600A5B99B /* Release */ = {
			isa = XCBuildConfiguration;
			buildSettings = {
				ASSETCATALOG_COMPILER_APPICON_NAME = AppIcon;
				INFOPLIST_FILE = tip6/Info.plist;
				LD_RUNPATH_SEARCH_PATHS = "$(inherited) @executable_path/Frameworks";
				PRODUCT_BUNDLE_IDENTIFIER = Climate.tip6;
				PRODUCT_NAME = "$(TARGET_NAME)";
			};
			name = Release;
		};
		5CB0F7421BA7B5A600A5B99B /* Debug */ = {
			isa = XCBuildConfiguration;
			buildSettings = {
				BUNDLE_LOADER = "$(TEST_HOST)";
				INFOPLIST_FILE = tip6Tests/Info.plist;
				LD_RUNPATH_SEARCH_PATHS = "$(inherited) @executable_path/Frameworks @loader_path/Frameworks";
				PRODUCT_BUNDLE_IDENTIFIER = Climate.tip6Tests;
				PRODUCT_NAME = "$(TARGET_NAME)";
				TEST_HOST = "$(BUILT_PRODUCTS_DIR)/tip6.app/tip6";
			};
			name = Debug;
		};
		5CB0F7431BA7B5A600A5B99B /* Release */ = {
			isa = XCBuildConfiguration;
			buildSettings = {
				BUNDLE_LOADER = "$(TEST_HOST)";
				INFOPLIST_FILE = tip6Tests/Info.plist;
				LD_RUNPATH_SEARCH_PATHS = "$(inherited) @executable_path/Frameworks @loader_path/Frameworks";
				PRODUCT_BUNDLE_IDENTIFIER = Climate.tip6Tests;
				PRODUCT_NAME = "$(TARGET_NAME)";
				TEST_HOST = "$(BUILT_PRODUCTS_DIR)/tip6.app/tip6";
			};
			name = Release;
		};
		5CB0F7451BA7B5A600A5B99B /* Debug */ = {
			isa = XCBuildConfiguration;
			buildSettings = {
				INFOPLIST_FILE = tip6UITests/Info.plist;
				LD_RUNPATH_SEARCH_PATHS = "$(inherited) @executable_path/Frameworks @loader_path/Frameworks";
				PRODUCT_BUNDLE_IDENTIFIER = Climate.tip6UITests;
				PRODUCT_NAME = "$(TARGET_NAME)";
				TEST_TARGET_NAME = tip6;
				USES_XCTRUNNER = YES;
			};
			name = Debug;
		};
		5CB0F7461BA7B5A600A5B99B /* Release */ = {
			isa = XCBuildConfiguration;
			buildSettings = {
				INFOPLIST_FILE = tip6UITests/Info.plist;
				LD_RUNPATH_SEARCH_PATHS = "$(inherited) @executable_path/Frameworks @loader_path/Frameworks";
				PRODUCT_BUNDLE_IDENTIFIER = Climate.tip6UITests;
				PRODUCT_NAME = "$(TARGET_NAME)";
				TEST_TARGET_NAME = tip6;
				USES_XCTRUNNER = YES;
			};
			name = Release;
		};
/* End XCBuildConfiguration section */

/* Begin XCConfigurationList section */
		5CB0F7111BA7B5A600A5B99B /* Build configuration list for PBXProject "tip6" */ = {
			isa = XCConfigurationList;
			buildConfigurations = (
				5CB0F73C1BA7B5A600A5B99B /* Debug */,
				5CB0F73D1BA7B5A600A5B99B /* Release */,
			);
			defaultConfigurationIsVisible = 0;
			defaultConfigurationName = Release;
		};
		5CB0F73E1BA7B5A600A5B99B /* Build configuration list for PBXNativeTarget "tip6" */ = {
			isa = XCConfigurationList;
			buildConfigurations = (
				5CB0F73F1BA7B5A600A5B99B /* Debug */,
				5CB0F7401BA7B5A600A5B99B /* Release */,
			);
			defaultConfigurationIsVisible = 0;
		};
		5CB0F7411BA7B5A600A5B99B /* Build configuration list for PBXNativeTarget "tip6Tests" */ = {
			isa = XCConfigurationList;
			buildConfigurations = (
				5CB0F7421BA7B5A600A5B99B /* Debug */,
				5CB0F7431BA7B5A600A5B99B /* Release */,
			);
			defaultConfigurationIsVisible = 0;
		};
		5CB0F7441BA7B5A600A5B99B /* Build configuration list for PBXNativeTarget "tip6UITests" */ = {
			isa = XCConfigurationList;
			buildConfigurations = (
				5CB0F7451BA7B5A600A5B99B /* Debug */,
				5CB0F7461BA7B5A600A5B99B /* Release */,
			);
			defaultConfigurationIsVisible = 0;
		};
/* End XCConfigurationList section */
	};
	rootObject = 5CB0F70E1BA7B5A600A5B99B /* Project object */;
}
